
Microsoft Visual Studio Solution File, Format Version 12.00
# Visual Studio Version 17
VisualStudioVersion = 17.9.34701.34
MinimumVisualStudioVersion = 10.0.40219.1
Project("{9A19103F-16F7-4668-BE54-9A1E7A4F7556}") = "OOP_Final_Project", "OOP_Final_Project\OOP_Final_Project.csproj", "{8C8F633E-50A1-41B0-BEF7-EB89E12B3F88}"
EndProject
Project("{9A19103F-16F7-4668-BE54-9A1E7A4F7556}") = "BuissnessLayer", "BuissnessLayer\BuissnessLayer.csproj", "{24668F89-3E8B-46EB-94E0-5A1E96E551D5}"
EndProject
Project("{FAE04EC0-301F-11D3-BF4B-00C04F79EFBC}") = "Teesting", "Teesting\Teesting.csproj", "{82EE1C56-98A5-4634-BDF3-3DC1BAF3F4AF}"
EndProject
Global
	GlobalSection(SolutionConfigurationPlatforms) = preSolution
		Debug|Any CPU = Debug|Any CPU
		Release|Any CPU = Release|Any CPU
	EndGlobalSection
	GlobalSection(ProjectConfigurationPlatforms) = postSolution
		{8C8F633E-50A1-41B0-BEF7-EB89E12B3F88}.Debug|Any CPU.ActiveCfg = Debug|Any CPU
		{8C8F633E-50A1-41B0-BEF7-EB89E12B3F88}.Debug|Any CPU.Build.0 = Debug|Any CPU
		{8C8F633E-50A1-41B0-BEF7-EB89E12B3F88}.Release|Any CPU.ActiveCfg = Release|Any CPU
		{8C8F633E-50A1-41B0-BEF7-EB89E12B3F88}.Release|Any CPU.Build.0 = Release|Any CPU
		{24668F89-3E8B-46EB-94E0-5A1E96E551D5}.Debug|Any CPU.ActiveCfg = Debug|Any CPU
		{24668F89-3E8B-46EB-94E0-5A1E96E551D5}.Debug|Any CPU.Build.0 = Debug|Any CPU
		{24668F89-3E8B-46EB-94E0-5A1E96E551D5}.Release|Any CPU.ActiveCfg = Release|Any CPU
		{24668F89-3E8B-46EB-94E0-5A1E96E551D5}.Release|Any CPU.Build.0 = Release|Any CPU
		{82EE1C56-98A5-4634-BDF3-3DC1BAF3F4AF}.Debug|Any CPU.ActiveCfg = Debug|Any CPU
		{82EE1C56-98A5-4634-BDF3-3DC1BAF3F4AF}.Debug|Any CPU.Build.0 = Debug|Any CPU
		{82EE1C56-98A5-4634-BDF3-3DC1BAF3F4AF}.Release|Any CPU.ActiveCfg = Release|Any CPU
		{82EE1C56-98A5-4634-BDF3-3DC1BAF3F4AF}.Release|Any CPU.Build.0 = Release|Any CPU
	EndGlobalSection
	GlobalSection(SolutionProperties) = preSolution
		HideSolutionNode = FALSE
	EndGlobalSection
	GlobalSection(ExtensibilityGlobals) = postSolution
		SolutionGuid = {AB3902E3-704D-4125-97B1-C3CEA6C0357E}
	EndGlobalSection
EndGlobal
